<?xml version="1.0" encoding="utf-8"?>
<Project ToolsVersion="4.0" xmlns="http://schemas.microsoft.com/developer/msbuild/2003">
  <ItemGroup>
    <ClCompile Include="src\winmain.cpp" />
    <ClCompile Include="src\pch.cpp" />
    <ClCompile Include="src\audio\audio.cpp" />
    <ClCompile Include="src\ecs\engine.cpp" />
    <ClCompile Include="src\graphics\font.cpp" />
    <ClCompile Include="src\graphics\graphicsRenderer.cpp" />
    <ClCompile Include="src\graphics\texture.cpp" />
    <ClCompile Include="src\input\inputManager.cpp" />
    <ClCompile Include="src\resource\resourceManager.cpp" />
    <ClCompile Include="src\scene\sceneManager.cpp" />
    <ClCompile Include="src\game\game.cpp" />
    <ClCompile Include="src\context\context.cpp" />
    <ClCompile Include="src\game\scenes\mainMenu\mainMenuScene.cpp" />
    <ClCompile Include="src\game\scenes\selection\selectionScene.cpp" />
    <ClCompile Include="src\game\scenes\game\gameScene.cpp" />
    <ClCompile Include="src\game\entities\player\player.cpp" />
    <ClCompile Include="src\game\entities\background\background.cpp" />
    <ClCompile Include="src\ecs\ecs.cpp" />
    <ClCompile Include="src\game\entities\button\button.cpp" />
    <ClCompile Include="src\game\entities\characterList\characterList.cpp" />
    <ClCompile Include="src\game\entities\text\textObject.cpp" />
    <ClCompile Include="src\game\scenes\gameOver\gameOverScene.cpp" />
    <ClCompile Include="src\game\entities\scoreboard\scoreboard.cpp" />
    <ClCompile Include="src\game\entities\timer\timer.cpp" />
    <ClCompile Include="src\game\entities\wall\wall.cpp" />
    <ClCompile Include="src\game\entities\goalpost\goalpost.cpp" />
    <ClCompile Include="src\game\entities\ball\ball.cpp" />
    <ClCompile Include="src\ecs\systems\rendering.cpp" />
    <ClCompile Include="src\ecs\systems\physics\gameEntityPhysics.cpp" />
    <ClCompile Include="src\ecs\systems\physics\ballPhysics.cpp" />
    <ClCompile Include="src\game\entities\pickup\pickup.cpp" />
    <ClCompile Include="src\game\entities\pickup\pickupSpawner.cpp" />
  </ItemGroup>
  <ItemGroup>
    <ClInclude Include="resources\resource.h" />
    <ClInclude Include="src\winresource.h" />
    <ClInclude Include="resource.h" />
    <ClInclude Include="src\pch.h" />
    <ClInclude Include="src\ecs\ecs.h" />
    <ClInclude Include="src\ecs\engine.h" />
    <ClInclude Include="src\graphics\font.h" />
    <ClInclude Include="src\graphics\graphicsRenderer.h" />
    <ClInclude Include="src\graphics\texture.h" />
    <ClInclude Include="src\input\inputManager.h" />
    <ClInclude Include="src\resource\resourceManager.h" />
    <ClInclude Include="src\scene\scene.h" />
    <ClInclude Include="src\scene\sceneManager.h" />
    <ClInclude Include="src\game\game.h" />
    <ClInclude Include="src\game\gameException.h" />
    <ClInclude Include="src\context\context.h" />
    <ClInclude Include="src\math\math.h" />
    <ClInclude Include="src\game\scenes\mainMenu\mainMenuScene.h" />
    <ClInclude Include="src\game\scenes\selection\selectionScene.h" />
    <ClInclude Include="src\game\resources.h" />
    <ClInclude Include="src\constants.h" />
    <ClInclude Include="src\game\scenes\game\gameScene.h" />
    <ClInclude Include="src\game\entities\player\player.h" />
    <ClInclude Include="src\game\entities\background\background.h" />
    <ClInclude Include="src\game\entities\button\button.h" />
    <ClInclude Include="src\game\entities\characterList\characterList.h" />
    <ClInclude Include="src\game\entities\text\textObject.h" />
    <ClInclude Include="src\game\scenes\gameOver\gameOverScene.h" />
    <ClInclude Include="src\game\layers.h" />
    <ClInclude Include="src\game\entities\scoreboard\scoreboard.h" />
    <ClInclude Include="src\game\entities\timer\timer.h" />
    <ClInclude Include="src\game\entities\wall\wall.h" />
    <ClInclude Include="src\game\entities\goalpost\goalpost.h" />
    <ClInclude Include="src\game\entities\ball\ball.h" />
    <ClInclude Include="src\audio\audio.h" />
    <ClInclude Include="src\ecs\components\animator.h" />
    <ClInclude Include="src\ecs\components\ballPhysics.h" />
    <ClInclude Include="src\ecs\components\gameEntityPhysics.h" />
    <ClInclude Include="src\ecs\components\position.h" />
    <ClInclude Include="src\ecs\components\sprite.h" />
    <ClInclude Include="src\ecs\components\text.h" />
    <ClInclude Include="src\ecs\systems\rendering.h" />
    <ClInclude Include="src\game\entities\gameEntity.h" />
    <ClInclude Include="src\game\data.h" />
    <ClInclude Include="src\ecs\systems\physics\gameEntityPhysics.h" />
    <ClInclude Include="src\ecs\systems\physics\physics.h" />
    <ClInclude Include="src\ecs\systems\physics\collision.h" />
    <ClInclude Include="src\ecs\systems\physics\ballPhysics.h" />
    <ClInclude Include="src\game\entities\pickup\pickup.h" />
    <ClInclude Include="src\game\entities\pickup\pickupSpawner.h" />
  </ItemGroup>
  <ItemGroup>
    <ResourceCompile Include="SmashBallsUltimate.rc" />
  </ItemGroup>
  <ItemGroup>
    <Image Include="icon.ico" />
  </ItemGroup>
</Project>